{
  "version": 4,
  "terraform_version": "1.14.1",
  "serial": 15,
  "lineage": "6bc1034a-bf46-ede2-ebb4-1ab05d6d67be",
  "outputs": {
    "cluster_name": {
      "value": "etl-cluster",
      "type": "string"
    },
    "service_account_email": {
      "value": "etl-worker-sa@kubernetes-project-480307.iam.gserviceaccount.com",
      "type": "string"
    },
    "workload_pool": {
      "value": "kubernetes-project-480307.svc.id.goog",
      "type": "string"
    }
  },
  "resources": [
    {
      "mode": "managed",
      "type": "google_iam_workload_identity_pool",
      "name": "gke_pool",
      "provider": "provider[\"registry.terraform.io/hashicorp/google\"]",
      "instances": [
        {
          "schema_version": 0,
          "attributes": {
            "description": "",
            "disabled": false,
            "display_name": "GKE Workload Identity Pool",
            "id": "projects/kubernetes-project-480307/locations/global/workloadIdentityPools/kubernetes-project-480307-pool",
            "name": "projects/368314459788/locations/global/workloadIdentityPools/kubernetes-project-480307-pool",
            "project": "kubernetes-project-480307",
            "state": "ACTIVE",
            "timeouts": null,
            "workload_identity_pool_id": "kubernetes-project-480307-pool"
          },
          "sensitive_attributes": [],
          "identity_schema_version": 0,
          "private": "eyJlMmJmYjczMC1lY2FhLTExZTYtOGY4OC0zNDM2M2JjN2M0YzAiOnsiY3JlYXRlIjoxMjAwMDAwMDAwMDAwLCJkZWxldGUiOjEyMDAwMDAwMDAwMDAsInVwZGF0ZSI6MTIwMDAwMDAwMDAwMH19"
        }
      ]
    },
    {
      "mode": "managed",
      "type": "google_project_iam_member",
      "name": "bq_data_editor",
      "provider": "provider[\"registry.terraform.io/hashicorp/google\"]",
      "instances": [
        {
          "schema_version": 0,
          "attributes": {
            "condition": [],
            "etag": "BwZFMe0IgIs=",
            "id": "kubernetes-project-480307/roles/bigquery.dataEditor/serviceAccount:etl-worker-sa@kubernetes-project-480307.iam.gserviceaccount.com",
            "member": "serviceAccount:etl-worker-sa@kubernetes-project-480307.iam.gserviceaccount.com",
            "project": "kubernetes-project-480307",
            "role": "roles/bigquery.dataEditor"
          },
          "sensitive_attributes": [],
          "identity_schema_version": 0,
          "private": "bnVsbA==",
          "dependencies": [
            "google_service_account.etl_sa"
          ]
        }
      ]
    },
    {
      "mode": "managed",
      "type": "google_project_service",
      "name": "artifact_api",
      "provider": "provider[\"registry.terraform.io/hashicorp/google\"]",
      "instances": [
        {
          "schema_version": 0,
          "attributes": {
            "disable_dependent_services": null,
            "disable_on_destroy": true,
            "id": "kubernetes-project-480307/artifactregistry.googleapis.com",
            "project": "kubernetes-project-480307",
            "service": "artifactregistry.googleapis.com",
            "timeouts": null
          },
          "sensitive_attributes": [],
          "identity_schema_version": 0,
          "private": "eyJlMmJmYjczMC1lY2FhLTExZTYtOGY4OC0zNDM2M2JjN2M0YzAiOnsiY3JlYXRlIjoxMjAwMDAwMDAwMDAwLCJkZWxldGUiOjEyMDAwMDAwMDAwMDAsInJlYWQiOjYwMDAwMDAwMDAwMCwidXBkYXRlIjoxMjAwMDAwMDAwMDAwfX0="
        }
      ]
    },
    {
      "mode": "managed",
      "type": "google_project_service",
      "name": "bigquery_api",
      "provider": "provider[\"registry.terraform.io/hashicorp/google\"]",
      "instances": [
        {
          "schema_version": 0,
          "attributes": {
            "disable_dependent_services": null,
            "disable_on_destroy": true,
            "id": "kubernetes-project-480307/bigquery.googleapis.com",
            "project": "kubernetes-project-480307",
            "service": "bigquery.googleapis.com",
            "timeouts": null
          },
          "sensitive_attributes": [],
          "identity_schema_version": 0,
          "private": "eyJlMmJmYjczMC1lY2FhLTExZTYtOGY4OC0zNDM2M2JjN2M0YzAiOnsiY3JlYXRlIjoxMjAwMDAwMDAwMDAwLCJkZWxldGUiOjEyMDAwMDAwMDAwMDAsInJlYWQiOjYwMDAwMDAwMDAwMCwidXBkYXRlIjoxMjAwMDAwMDAwMDAwfX0="
        }
      ]
    },
    {
      "mode": "managed",
      "type": "google_project_service",
      "name": "container_api",
      "provider": "provider[\"registry.terraform.io/hashicorp/google\"]",
      "instances": [
        {
          "schema_version": 0,
          "attributes": {
            "disable_dependent_services": null,
            "disable_on_destroy": true,
            "id": "kubernetes-project-480307/container.googleapis.com",
            "project": "kubernetes-project-480307",
            "service": "container.googleapis.com",
            "timeouts": null
          },
          "sensitive_attributes": [],
          "identity_schema_version": 0,
          "private": "eyJlMmJmYjczMC1lY2FhLTExZTYtOGY4OC0zNDM2M2JjN2M0YzAiOnsiY3JlYXRlIjoxMjAwMDAwMDAwMDAwLCJkZWxldGUiOjEyMDAwMDAwMDAwMDAsInJlYWQiOjYwMDAwMDAwMDAwMCwidXBkYXRlIjoxMjAwMDAwMDAwMDAwfX0="
        }
      ]
    },
    {
      "mode": "managed",
      "type": "google_project_service",
      "name": "iam_api",
      "provider": "provider[\"registry.terraform.io/hashicorp/google\"]",
      "instances": [
        {
          "schema_version": 0,
          "attributes": {
            "disable_dependent_services": null,
            "disable_on_destroy": true,
            "id": "kubernetes-project-480307/iam.googleapis.com",
            "project": "kubernetes-project-480307",
            "service": "iam.googleapis.com",
            "timeouts": null
          },
          "sensitive_attributes": [],
          "identity_schema_version": 0,
          "private": "eyJlMmJmYjczMC1lY2FhLTExZTYtOGY4OC0zNDM2M2JjN2M0YzAiOnsiY3JlYXRlIjoxMjAwMDAwMDAwMDAwLCJkZWxldGUiOjEyMDAwMDAwMDAwMDAsInJlYWQiOjYwMDAwMDAwMDAwMCwidXBkYXRlIjoxMjAwMDAwMDAwMDAwfX0="
        }
      ]
    },
    {
      "mode": "managed",
      "type": "google_service_account",
      "name": "etl_sa",
      "provider": "provider[\"registry.terraform.io/hashicorp/google\"]",
      "instances": [
        {
          "schema_version": 0,
          "attributes": {
            "account_id": "etl-worker-sa",
            "create_ignore_already_exists": null,
            "description": "",
            "disabled": false,
            "display_name": "ETL Worker Service Account",
            "email": "etl-worker-sa@kubernetes-project-480307.iam.gserviceaccount.com",
            "id": "projects/kubernetes-project-480307/serviceAccounts/etl-worker-sa@kubernetes-project-480307.iam.gserviceaccount.com",
            "member": "serviceAccount:etl-worker-sa@kubernetes-project-480307.iam.gserviceaccount.com",
            "name": "projects/kubernetes-project-480307/serviceAccounts/etl-worker-sa@kubernetes-project-480307.iam.gserviceaccount.com",
            "project": "kubernetes-project-480307",
            "timeouts": null,
            "unique_id": "116446459799241044740"
          },
          "sensitive_attributes": [],
          "identity_schema_version": 0,
          "private": "eyJlMmJmYjczMC1lY2FhLTExZTYtOGY4OC0zNDM2M2JjN2M0YzAiOnsiY3JlYXRlIjozMDAwMDAwMDAwMDB9fQ=="
        }
      ]
    },
    {
      "mode": "managed",
      "type": "google_service_account_iam_member",
      "name": "sa_workload_identity_binding",
      "provider": "provider[\"registry.terraform.io/hashicorp/google\"]",
      "instances": [
        {
          "schema_version": 0,
          "attributes": {
            "condition": [],
            "etag": "BwZFMgKge3o=",
            "id": "projects/kubernetes-project-480307/serviceAccounts/etl-worker-sa@kubernetes-project-480307.iam.gserviceaccount.com/roles/iam.workloadIdentityUser/principalSet://iam.googleapis.com/projects/368314459788/locations/global/workloadIdentityPools/kubernetes-project-480307-pool/attribute.project_id/kubernetes-project-480307",
            "member": "principalSet://iam.googleapis.com/projects/368314459788/locations/global/workloadIdentityPools/kubernetes-project-480307-pool/attribute.project_id/kubernetes-project-480307",
            "role": "roles/iam.workloadIdentityUser",
            "service_account_id": "projects/kubernetes-project-480307/serviceAccounts/etl-worker-sa@kubernetes-project-480307.iam.gserviceaccount.com"
          },
          "sensitive_attributes": [],
          "identity_schema_version": 0,
          "private": "bnVsbA==",
          "dependencies": [
            "google_iam_workload_identity_pool.gke_pool",
            "google_service_account.etl_sa"
          ]
        }
      ]
    }
  ],
  "check_results": null
}
